
Microsoft Visual Studio Solution File, Format Version 12.00
# Visual Studio Version 16
VisualStudioVersion = 16.0.32929.386
MinimumVisualStudioVersion = 10.0.40219.1
Project("{FAE04EC0-301F-11D3-BF4B-00C04F79EFBC}") = "Task21", "Task21\Task21.csproj", "{01A738E7-289E-4064-A408-19CD63FF2892}"
EndProject
Global
	GlobalSection(SolutionConfigurationPlatforms) = preSolution
		Debug|Any CPU = Debug|Any CPU
		Release|Any CPU = Release|Any CPU
	EndGlobalSection
	GlobalSection(ProjectConfigurationPlatforms) = postSolution
		{01A738E7-289E-4064-A408-19CD63FF2892}.Debug|Any CPU.ActiveCfg = Debug|Any CPU
		{01A738E7-289E-4064-A408-19CD63FF2892}.Debug|Any CPU.Build.0 = Debug|Any CPU
		{01A738E7-289E-4064-A408-19CD63FF2892}.Release|Any CPU.ActiveCfg = Release|Any CPU
		{01A738E7-289E-4064-A408-19CD63FF2892}.Release|Any CPU.Build.0 = Release|Any CPU
	EndGlobalSection
	GlobalSection(SolutionProperties) = preSolution
		HideSolutionNode = FALSE
	EndGlobalSection
	GlobalSection(ExtensibilityGlobals) = postSolution
		SolutionGuid = {4AF3037B-D6C8-4F32-AF61-CD399A5725AA}
	EndGlobalSection
EndGlobal
